
Microsoft Visual Studio Solution File, Format Version 12.00
# Visual Studio Version 16
VisualStudioVersion = 16.0.30804.86
MinimumVisualStudioVersion = 10.0.40219.1
Project("{FAE04EC0-301F-11D3-BF4B-00C04F79EFBC}") = "RoleGuest", "RoleGuest\RoleGuest.csproj", "{556EBAEF-A94B-4ED4-80F2-76EFD6676FA8}"
EndProject
Project("{FAE04EC0-301F-11D3-BF4B-00C04F79EFBC}") = "DTO", "DTO\DTO.csproj", "{EECA3061-E26E-4E3F-8410-962680A4FE4A}"
EndProject
Project("{FAE04EC0-301F-11D3-BF4B-00C04F79EFBC}") = "DAL", "DAL\DAL.csproj", "{BED029E9-AF01-45C5-B4AF-3D4F9F2A3495}"
EndProject
Project("{FAE04EC0-301F-11D3-BF4B-00C04F79EFBC}") = "DAL_Tests", "DAL_Tests\DAL_Tests.csproj", "{AF169633-6D2E-4A28-9206-E35955BED36F}"
EndProject
Project("{FAE04EC0-301F-11D3-BF4B-00C04F79EFBC}") = "BLL", "BLL\BLL.csproj", "{68202947-7B8C-46FA-A0BF-9778C9CAB362}"
EndProject
Project("{FAE04EC0-301F-11D3-BF4B-00C04F79EFBC}") = "RoleGuestWinForm", "RoleGuestWinForm\RoleGuestWinForm.csproj", "{08E62CC4-161A-467E-B9D5-3F45A205C83A}"
EndProject
Project("{FAE04EC0-301F-11D3-BF4B-00C04F79EFBC}") = "RoleGuestWpfApp", "RoleGuestWpfApp\RoleGuestWpfApp.csproj", "{76B4C51F-3720-4BE5-A0C9-6C90399F79B2}"
EndProject
Global
	GlobalSection(SolutionConfigurationPlatforms) = preSolution
		Debug|Any CPU = Debug|Any CPU
		Release|Any CPU = Release|Any CPU
	EndGlobalSection
	GlobalSection(ProjectConfigurationPlatforms) = postSolution
		{556EBAEF-A94B-4ED4-80F2-76EFD6676FA8}.Debug|Any CPU.ActiveCfg = Debug|Any CPU
		{556EBAEF-A94B-4ED4-80F2-76EFD6676FA8}.Debug|Any CPU.Build.0 = Debug|Any CPU
		{556EBAEF-A94B-4ED4-80F2-76EFD6676FA8}.Release|Any CPU.ActiveCfg = Release|Any CPU
		{556EBAEF-A94B-4ED4-80F2-76EFD6676FA8}.Release|Any CPU.Build.0 = Release|Any CPU
		{EECA3061-E26E-4E3F-8410-962680A4FE4A}.Debug|Any CPU.ActiveCfg = Debug|Any CPU
		{EECA3061-E26E-4E3F-8410-962680A4FE4A}.Debug|Any CPU.Build.0 = Debug|Any CPU
		{EECA3061-E26E-4E3F-8410-962680A4FE4A}.Release|Any CPU.ActiveCfg = Release|Any CPU
		{EECA3061-E26E-4E3F-8410-962680A4FE4A}.Release|Any CPU.Build.0 = Release|Any CPU
		{BED029E9-AF01-45C5-B4AF-3D4F9F2A3495}.Debug|Any CPU.ActiveCfg = Debug|Any CPU
		{BED029E9-AF01-45C5-B4AF-3D4F9F2A3495}.Debug|Any CPU.Build.0 = Debug|Any CPU
		{BED029E9-AF01-45C5-B4AF-3D4F9F2A3495}.Release|Any CPU.ActiveCfg = Release|Any CPU
		{BED029E9-AF01-45C5-B4AF-3D4F9F2A3495}.Release|Any CPU.Build.0 = Release|Any CPU
		{AF169633-6D2E-4A28-9206-E35955BED36F}.Debug|Any CPU.ActiveCfg = Debug|Any CPU
		{AF169633-6D2E-4A28-9206-E35955BED36F}.Debug|Any CPU.Build.0 = Debug|Any CPU
		{AF169633-6D2E-4A28-9206-E35955BED36F}.Release|Any CPU.ActiveCfg = Release|Any CPU
		{AF169633-6D2E-4A28-9206-E35955BED36F}.Release|Any CPU.Build.0 = Release|Any CPU
		{68202947-7B8C-46FA-A0BF-9778C9CAB362}.Debug|Any CPU.ActiveCfg = Debug|Any CPU
		{68202947-7B8C-46FA-A0BF-9778C9CAB362}.Debug|Any CPU.Build.0 = Debug|Any CPU
		{68202947-7B8C-46FA-A0BF-9778C9CAB362}.Release|Any CPU.ActiveCfg = Release|Any CPU
		{68202947-7B8C-46FA-A0BF-9778C9CAB362}.Release|Any CPU.Build.0 = Release|Any CPU
		{08E62CC4-161A-467E-B9D5-3F45A205C83A}.Debug|Any CPU.ActiveCfg = Debug|Any CPU
		{08E62CC4-161A-467E-B9D5-3F45A205C83A}.Debug|Any CPU.Build.0 = Debug|Any CPU
		{08E62CC4-161A-467E-B9D5-3F45A205C83A}.Release|Any CPU.ActiveCfg = Release|Any CPU
		{08E62CC4-161A-467E-B9D5-3F45A205C83A}.Release|Any CPU.Build.0 = Release|Any CPU
		{76B4C51F-3720-4BE5-A0C9-6C90399F79B2}.Debug|Any CPU.ActiveCfg = Debug|Any CPU
		{76B4C51F-3720-4BE5-A0C9-6C90399F79B2}.Debug|Any CPU.Build.0 = Debug|Any CPU
		{76B4C51F-3720-4BE5-A0C9-6C90399F79B2}.Release|Any CPU.ActiveCfg = Release|Any CPU
		{76B4C51F-3720-4BE5-A0C9-6C90399F79B2}.Release|Any CPU.Build.0 = Release|Any CPU
	EndGlobalSection
	GlobalSection(SolutionProperties) = preSolution
		HideSolutionNode = FALSE
	EndGlobalSection
	GlobalSection(ExtensibilityGlobals) = postSolution
		SolutionGuid = {007C580E-121A-4C3B-91EA-D82C28E80C91}
	EndGlobalSection
EndGlobal
